
Microsoft Visual Studio Solution File, Format Version 12.00
# Visual Studio Version 17
VisualStudioVersion = 17.3.32929.385
MinimumVisualStudioVersion = 10.0.40219.1
Project("{FAE04EC0-301F-11D3-BF4B-00C04F79EFBC}") = "WeatherAPI", "WeatherAPI\WeatherAPI.csproj", "{1AEA7C47-2B84-4534-B71C-ED88D389CF95}"
EndProject
Global
	GlobalSection(SolutionConfigurationPlatforms) = preSolution
		Debug|Any CPU = Debug|Any CPU
		Release|Any CPU = Release|Any CPU
	EndGlobalSection
	GlobalSection(ProjectConfigurationPlatforms) = postSolution
		{1AEA7C47-2B84-4534-B71C-ED88D389CF95}.Debug|Any CPU.ActiveCfg = Debug|Any CPU
		{1AEA7C47-2B84-4534-B71C-ED88D389CF95}.Debug|Any CPU.Build.0 = Debug|Any CPU
		{1AEA7C47-2B84-4534-B71C-ED88D389CF95}.Release|Any CPU.ActiveCfg = Release|Any CPU
		{1AEA7C47-2B84-4534-B71C-ED88D389CF95}.Release|Any CPU.Build.0 = Release|Any CPU
	EndGlobalSection
	GlobalSection(SolutionProperties) = preSolution
		HideSolutionNode = FALSE
	EndGlobalSection
	GlobalSection(ExtensibilityGlobals) = postSolution
		SolutionGuid = {F130AB79-502F-4A7A-A07E-1C99954A5862}
	EndGlobalSection
EndGlobal
